{
  "name": "BEDV1_Interparkyu",
  "lockfileVersion": 2,
  "requires": true,
  "packages": {
    "": {
      "devDependencies": {
        "husky": "^7.0.0"
      }
    },
    "node_modules/husky": {
      "version": "7.0.4",
      "dev": true,
      "license": "MIT",
      "bin": {
        "husky": "lib/bin.js"
      },
      "engines": {
        "node": ">=12"
      },
      "funding": {
        "url": "https://github.com/sponsors/typicode"
      }
    }
  },
  "dependencies": {
    "husky": {
      "version": "7.0.4",
      "dev": true
    }
  }
}
